github.com/davecgh/go-spew v1.1.0 h1:ZDRjVQ15GmhC3fiQ8ni8+OwkZQO4DARzQgrnXU1Liz8=
github.com/davecgh/go-spew v1.1.0/go.mod h1:J7Y8YcW2NihsgmVo/mv3lAwl/skON4iLHjSsI+c5H38=
github.com/eknkc/amber v0.0.0-20171010120322-cdade1c07385 h1:clC1lXBpe2kTj2VHdaIu9ajZQe4kcEY9j0NsnDDBZ3o=
github.com/eknkc/amber v0.0.0-20171010120322-cdade1c07385/go.mod h1:0vRUJqYpeSZifjYj7uP3BG/gKcuzL9xWVV/Y+cK33KM=
github.com/hashicorp/golang-lru v0.5.1 h1:0hERBMJE1eitiLkihrMvRVBYAkpHzc/J3QdDN+dAcgU=
github.com/hashicorp/golang-lru v0.5.1/go.mod h1:/m3WP610KZHVQ1SGc6re/UDhFvYD7pJ4Ao+sR/qLZy8=
github.com/hashicorp/golang-lru v0.5.3 h1:YPkqC67at8FYaadspW/6uE0COsBxS2656RLEr8Bppgk=
github.com/hashicorp/golang-lru v0.5.3/go.mod h1:iADmTwqILo4mZ8BN3D2Q6+9jd8WM5uGBxy+E8yxSoD4=
github.com/hashicorp/golang-lru v0.5.4 h1:YDjusn29QI/Das2iO9M0BHnIbxPeyuCHsjMW+lJfyTc=
github.com/hashicorp/golang-lru v0.5.4/go.mod h1:iADmTwqILo4mZ8BN3D2Q6+9jd8WM5uGBxy+E8yxSoD4=
github.com/kardianos/osext v0.0.0-20190222173326-2bc1f35cddc0 h1:iQTw/8FWTuc7uiaSepXwyf3o52HaUYcV+Tu66S3F5GA=
github.com/kardianos/osext v0.0.0-20190222173326-2bc1f35cddc0/go.mod h1:1NbS8ALrpOvjt0rHPNLyCIeMtbizbir8U//inJ+zuB8=
github.com/miekg/dns v1.1.9 h1:OIdC9wT96RzuZMf2PfKRhFgsStHUUBZLM/lo1LqiM9E=
github.com/miekg/dns v1.1.9/go.mod h1:W1PPwlIAgtquWBMBEV9nkV9Cazfe8ScdGz/Lj7v3Nrg=
github.com/miekg/dns v1.1.22 h1:Jm64b3bO9kP43ddLjL2EY3Io6bmy1qGb9Xxz6TqS6rc=
github.com/miekg/dns v1.1.22/go.mod h1:bPDLeHnStXmXAq1m/Ch/hvfNHr14JKNPMBo3VZKjuso=
github.com/miekg/dns v1.1.24 h1:6G8Eop/HM8hpagajbn0rFQvAKZWiiCa8P6N2I07+wwI=
github.com/miekg/dns v1.1.24/go.mod h1:bPDLeHnStXmXAq1m/Ch/hvfNHr14JKNPMBo3VZKjuso=
github.com/miekg/dns v1.1.25 h1:dFwPR6SfLtrSwgDcIq2bcU/gVutB4sNApq2HBdqcakg=
github.com/miekg/dns v1.1.25/go.mod h1:bPDLeHnStXmXAq1m/Ch/hvfNHr14JKNPMBo3VZKjuso=
github.com/miekg/dns v1.1.26 h1:gPxPSwALAeHJSjarOs00QjVdV9QoBvc1D2ujQUr5BzU=
github.com/miekg/dns v1.1.26/go.mod h1:bPDLeHnStXmXAq1m/Ch/hvfNHr14JKNPMBo3VZKjuso=
github.com/miekg/dns v1.1.27 h1:aEH/kqUzUxGJ/UHcEKdJY+ugH6WEzsEBBSPa8zuy1aM=
github.com/miekg/dns v1.1.27/go.mod h1:KNUDUusw/aVsxyTYZM1oqvCicbwhgbNgztCETuNZ7xM=
github.com/miekg/dns v1.1.28 h1:gQhy5bsJa8zTlVI8lywCTZp1lguor+xevFoYlzeCTQY=
github.com/miekg/dns v1.1.28/go.mod h1:KNUDUusw/aVsxyTYZM1oqvCicbwhgbNgztCETuNZ7xM=
github.com/pmezard/go-difflib v1.0.0 h1:4DBwDE0NGyQoBHbLQYPwSUPoCMWR5BEzIk/f1lZbAQM=
github.com/pmezard/go-difflib v1.0.0/go.mod h1:iKH77koFhYxTK1pcRnkKkqfTogsbg7gZNVY4sRDYZ/4=
github.com/puma/puma-dev v0.0.0-20180821042857-c5e86b4ab305 h1:9FJtupzBlMAtJkgBDwOzzNZ0Q17+FUlnBz5/0lqkXYE=
github.com/puma/puma-dev v0.0.0-20180821042857-c5e86b4ab305/go.mod h1:AQ3CPwDnqJRVYo78eWctZyrQE5RMHwdyZ+wIbedccQg=
github.com/puma/puma-dev v0.0.0-20190823070300-4f5ea99b0f51 h1:qEcxv6oUHqTWU9WZGLTYEesMxoLJ8u9BLCdjDstD9bc=
github.com/puma/puma-dev v0.0.0-20190823070300-4f5ea99b0f51/go.mod h1:AQ3CPwDnqJRVYo78eWctZyrQE5RMHwdyZ+wIbedccQg=
github.com/stretchr/objx v0.1.0 h1:4G4v2dO3VZwixGIRoQ5Lfboy6nUhCyYzaqnIAPPhYs4=
github.com/stretchr/objx v0.1.0/go.mod h1:HFkY916IF+rwdDfMAkV7OtwuqBVzrE8GR6GFx+wExME=
github.com/stretchr/testify v1.4.0 h1:2E4SXV/wtOkTonXsotYi4li6zVWxYlZuYNCXe9XRJyk=
github.com/stretchr/testify v1.4.0/go.mod h1:j7eGeouHqKxXV5pUuKE4zz7dFj8WfuZ+81PSLYec5m4=
github.com/unrolled/render v1.0.0 h1:XYtvhA3UkpB7PqkvhUFYmpKD55OudoIeygcfus4vcd4=
github.com/unrolled/render v1.0.0/go.mod h1:tu82oB5W2ykJRVioYsB+IQKcft7ryBr7w12qMBUPyXg=
github.com/unrolled/render v1.0.1 h1:VDDnQQVfBMsOsp3VaCJszSO0nkBIVEYoPWeRThk9spY=
github.com/unrolled/render v1.0.1/go.mod h1:gN9T0NhL4Bfbwu8ann7Ry/TGHYfosul+J0obPf6NBdM=
github.com/unrolled/render v1.0.2 h1:dGS3EmChQP3yOi1YeFNO/Dx+MbWZhdvhQJTXochM5bs=
github.com/unrolled/render v1.0.2/go.mod h1:gN9T0NhL4Bfbwu8ann7Ry/TGHYfosul+J0obPf6NBdM=
github.com/vektra/errors v0.0.0-20140903201135-c64d83aba85a h1:lUVfiMMY/te9icPKBqOKkBIMZNxSpM90dxokDeCcfBg=
github.com/vektra/errors v0.0.0-20140903201135-c64d83aba85a/go.mod h1:KUxJS71XlMs+ztT+RzsLRoWUQRUpECo/+Rb0EBk8/Wc=
github.com/vektra/neko v0.0.0-20170502000624-99acbdf12420 h1:OMelMt+D75Fax25tMcBfUoOyNp8OziZK/Ca8dB8BX38=
github.com/vektra/neko v0.0.0-20170502000624-99acbdf12420/go.mod h1:7tfPLehrsToaevw9Vi9iL6FOslcBJ/uqYQc8y3YIbdI=
golang.org/x/crypto v0.0.0-20190308221718-c2843e01d9a2/go.mod h1:djNgcEr1/C05ACkg1iLfiJU5Ep61QUkGW8qpdssI0+w=
golang.org/x/crypto v0.0.0-20190506204251-e1dfcc566284 h1:rlLehGeYg6jfoyz/eDqDU1iRXLKfR42nnNh57ytKEWo=
golang.org/x/crypto v0.0.0-20190506204251-e1dfcc566284/go.mod h1:yigFU9vqHzYiE8UmvKecakEJjdnWj3jj499lnFckfCI=
golang.org/x/crypto v0.0.0-20190923035154-9ee001bba392/go.mod h1:/lpIB1dKB+9EgE3H3cr1v9wB50oz8l4C4h62xy7jSTY=
golang.org/x/crypto v0.0.0-20191011191535-87dc89f01550 h1:ObdrDkeb4kJdCP557AjRjq69pTHfNouLtWZG7j9rPN8=
golang.org/x/crypto v0.0.0-20191011191535-87dc89f01550/go.mod h1:yigFU9vqHzYiE8UmvKecakEJjdnWj3jj499lnFckfCI=
golang.org/x/mod v0.1.1-0.20191105210325-c90efee705ee/go.mod h1:QqPTAvyqsEbceGzBzNggFXnrqF1CaUcvgkdR5Ot7KZg=
golang.org/x/net v0.0.0-20190404232315-eb5bcb51f2a3/go.mod h1:t9HGtf8HONx5eT2rtn7q6eTqICYqUVnKs3thJo3Qplg=
golang.org/x/net v0.0.0-20190503192946-f4e77d36d62c h1:uOCk1iQW6Vc18bnC13MfzScl+wdKBmM9Y9kU7Z83/lw=
golang.org/x/net v0.0.0-20190503192946-f4e77d36d62c/go.mod h1:t9HGtf8HONx5eT2rtn7q6eTqICYqUVnKs3thJo3Qplg=
golang.org/x/net v0.0.0-20190620200207-3b0461eec859/go.mod h1:z5CRVTTTmAJ677TzLLGU+0bjPO0LkuOLi4/5GtJWs/s=
golang.org/x/net v0.0.0-20190923162816-aa69164e4478/go.mod h1:z5CRVTTTmAJ677TzLLGU+0bjPO0LkuOLi4/5GtJWs/s=
golang.org/x/net v0.0.0-20191014212845-da9a3fd4c582 h1:p9xBe/w/OzkeYVKm234g55gMdD1nSIooTir5kV11kfA=
golang.org/x/net v0.0.0-20191014212845-da9a3fd4c582/go.mod h1:z5CRVTTTmAJ677TzLLGU+0bjPO0LkuOLi4/5GtJWs/s=
golang.org/x/sync v0.0.0-20190423024810-112230192c58/go.mod h1:RxMgew5VJxzue5/jJTE5uejpjVlOe/izrB70Jof72aM=
golang.org/x/sync v0.0.0-20190911185100-cd5d95a43a6e h1:vcxGaoTs7kV8m5Np9uUNQin4BrLOthgV7252N8V+FwY=
golang.org/x/sync v0.0.0-20190911185100-cd5d95a43a6e/go.mod h1:RxMgew5VJxzue5/jJTE5uejpjVlOe/izrB70Jof72aM=
golang.org/x/sys v0.0.0-20190215142949-d0b11bdaac8a/go.mod h1:STP8DvDyc/dI5b8T5hshtkjS+E42TnysNCUPdjciGhY=
golang.org/x/sys v0.0.0-20190412213103-97732733099d/go.mod h1:h1NjWce9XRLGQEsW7wpKNCjG9DtNlClVuFLEZdDNbEs=
golang.org/x/sys v0.0.0-20190509141414-a5b02f93d862 h1:rM0ROo5vb9AdYJi1110yjWGMej9ITfKddS89P3Fkhug=
golang.org/x/sys v0.0.0-20190509141414-a5b02f93d862/go.mod h1:h1NjWce9XRLGQEsW7wpKNCjG9DtNlClVuFLEZdDNbEs=
golang.org/x/sys v0.0.0-20190922100055-0a153f010e69/go.mod h1:h1NjWce9XRLGQEsW7wpKNCjG9DtNlClVuFLEZdDNbEs=
golang.org/x/sys v0.0.0-20190924154521-2837fb4f24fe/go.mod h1:h1NjWce9XRLGQEsW7wpKNCjG9DtNlClVuFLEZdDNbEs=
golang.org/x/sys v0.0.0-20191010194322-b09406accb47 h1:/XfQ9z7ib8eEJX2hdgFTZJ/ntt0swNk5oYBziWeTCvY=
golang.org/x/sys v0.0.0-20191010194322-b09406accb47/go.mod h1:h1NjWce9XRLGQEsW7wpKNCjG9DtNlClVuFLEZdDNbEs=
golang.org/x/text v0.3.0/go.mod h1:NqM8EUOU14njkJ3fqMW+pc6Ldnwhi/IjpwHt7yyuwOQ=
golang.org/x/text v0.3.2 h1:tW2bmiBqwgJj/UpqtC8EpXEZVYOwU0yG4iWbprSVAcs=
golang.org/x/text v0.3.2/go.mod h1:bEr9sfX3Q8Zfm5fL9x+3itogRgK3+ptLWKqgva+5dAk=
golang.org/x/tools v0.0.0-20180917221912-90fa682c2a6e/go.mod h1:n7NCudcB/nEzxVGmLbDWY5pfWTLqBcC2KZ6jyYvM4mQ=
golang.org/x/tools v0.0.0-20190907020128-2ca718005c18/go.mod h1:b+2E5dAYhXwXZwtnZ6UAqBI28+e2cm9otk0dWdXHAEo=
golang.org/x/tools v0.0.0-20191216052735-49a3e744a425/go.mod h1:TB2adYChydJhpapKDTa4BR/hXlZSLoq2Wpct/0txZ28=
golang.org/x/xerrors v0.0.0-20190717185122-a985d3407aa7/go.mod h1:I/5z698sn9Ka8TeJc9MKroUUfqBBauWjQqLJ2OPfmY0=
golang.org/x/xerrors v0.0.0-20191011141410-1b5146add898/go.mod h1:I/5z698sn9Ka8TeJc9MKroUUfqBBauWjQqLJ2OPfmY0=
gopkg.in/check.v1 v0.0.0-20161208181325-20d25e280405 h1:yhCVgyC4o1eVCa2tZl7eS0r+SDo693bJlVdllGtEeKM=
gopkg.in/check.v1 v0.0.0-20161208181325-20d25e280405/go.mod h1:Co6ibVJAznAaIkqp8huTwlJQCZ016jof/cbN4VW5Yz0=
gopkg.in/yaml.v2 v2.2.2 h1:ZCJp+EgiOT7lHqUV2J862kp8Qj64Jo6az82+3Td9dZw=
gopkg.in/yaml.v2 v2.2.2/go.mod h1:hI93XBmqTisBFMUTm0b8Fm+jr3Dg1NNxqwp+5A1VGuI=
