# This file is autogenerated, do not edit; changes may be undone by the next 'dep ensure'.


[[projects]]
  digest = "1:d15ee511aa0f56baacc1eb4c6b922fa1c03b38413b6be18166b996d82a0156ea"
  name = "github.com/hashicorp/golang-lru"
  packages = [
    ".",
    "simplelru",
  ]
  pruneopts = "UT"
  revision = "7087cb70de9f7a8bc0a10c375cb0d2280a8edf9c"
  version = "v0.5.1"

[[projects]]
  branch = "master"
  digest = "1:f433da6fbabb0bd1bd730fd340782015c644123d02eb78c20c69ce03352daad1"
  name = "github.com/kardianos/osext"
  packages = ["."]
  pruneopts = "UT"
  revision = "2bc1f35cddc0cc527b4bc3dce8578fc2a6c11384"

[[projects]]
  digest = "1:2b4b4b2e5544c2a11a486c1b631357aa2ddf766e50c1b2483cf809da2c511234"
  name = "github.com/miekg/dns"
  packages = ["."]
  pruneopts = "UT"
  revision = "73601d4aed9d844322611759d7f3619110b7c88e"
  version = "v1.1.8"

[[projects]]
  branch = "master"
  digest = "1:f515c83dabdd006b4b782b5252e1c510630b1e75b3799c180b4516079ba4caee"
  name = "github.com/moomerman/go-lib"
  packages = [
    "rproxy",
    "rproxy/wsutil",
  ]
  pruneopts = "UT"
  revision = "6b20bf86751ae55debd5c76698227e2421f616c8"

[[projects]]
  digest = "1:07a53954325f093c73561db73561cb728efeadb8bc3b4a6a989acb1391a6b51d"
  name = "github.com/puma/puma-dev"
  packages = [
    "dev/launch",
    "homedir",
    "linebuffer",
  ]
  pruneopts = "UT"
  revision = "c5e86b4ab305506245f84b0c51bd1783ca33917a"
  version = "v0.12"

[[projects]]
  branch = "master"
  digest = "1:79b4d0d87ca54191e8f7e4ae0ac1f33cc7eea9ee2b9fe7db23044ce89dafbd1b"
  name = "github.com/unrolled/render"
  packages = ["."]
  pruneopts = "UT"
  revision = "1ac792296fd4f4de9559a5f9a85c277c54ffb1cf"

[[projects]]
  branch = "master"
  digest = "1:3cc2f5944c864b25da512e46b17e175ecf98718db2e687846c7fa040b9d16f1f"
  name = "github.com/vektra/errors"
  packages = ["."]
  pruneopts = "UT"
  revision = "c64d83aba85aa4392895aadeefabbd24e89f3580"

[[projects]]
  branch = "master"
  digest = "1:d5891c5bca9c62e5d394ca26491d2b710a1dc08cedeb0ca8f9ac4c3305120b02"
  name = "golang.org/x/crypto"
  packages = [
    "ed25519",
    "ed25519/internal/edwards25519",
  ]
  pruneopts = "UT"
  revision = "88737f569e3a9c7ab309cdc09a07fe7fc87233c3"

[[projects]]
  branch = "master"
  digest = "1:6d8bf329302c7b1c1b12f724f175b49fe1863e675c83e4f559d7dd950b2cfa49"
  name = "golang.org/x/net"
  packages = [
    "bpf",
    "http/httpguts",
    "http2",
    "http2/hpack",
    "idna",
    "internal/iana",
    "internal/socket",
    "ipv4",
    "ipv6",
  ]
  pruneopts = "UT"
  revision = "4a65cf94b67935be46fbc55ddaea48ae3f7a1471"

[[projects]]
  branch = "master"
  digest = "1:3e01c69b34e7c3fa4b7a118ca95a6beaecea00f7f4fb701545d83eacd3badb3c"
  name = "golang.org/x/sys"
  packages = ["unix"]
  pruneopts = "UT"
  revision = "16da32be82c5df9a338c27758247c0b7b0bd8fea"

[[projects]]
  digest = "1:a2ab62866c75542dd18d2b069fec854577a20211d7c0ea6ae746072a1dccdd18"
  name = "golang.org/x/text"
  packages = [
    "collate",
    "collate/build",
    "internal/colltab",
    "internal/gen",
    "internal/tag",
    "internal/triegen",
    "internal/ucd",
    "language",
    "secure/bidirule",
    "transform",
    "unicode/bidi",
    "unicode/cldr",
    "unicode/norm",
    "unicode/rangetable",
  ]
  pruneopts = "UT"
  revision = "f21a4dfb5e38f5895301dc265a8def02365cc3d0"
  version = "v0.3.0"

[solve-meta]
  analyzer-name = "dep"
  analyzer-version = 1
  input-imports = [
    "github.com/hashicorp/golang-lru",
    "github.com/kardianos/osext",
    "github.com/miekg/dns",
    "github.com/moomerman/go-lib/rproxy",
    "github.com/puma/puma-dev/dev/launch",
    "github.com/puma/puma-dev/homedir",
    "github.com/puma/puma-dev/linebuffer",
    "github.com/unrolled/render",
    "github.com/vektra/errors",
    "golang.org/x/net/http2",
  ]
  solver-name = "gps-cdcl"
  solver-version = 1
