# This file is autogenerated, do not edit; changes may be undone by the next 'dep ensure'.


[[projects]]
  branch = "master"
  name = "github.com/hashicorp/golang-lru"
  packages = [".","simplelru"]
  revision = "0a025b7e63adc15a622f29b0b2c4c3848243bbf6"

[[projects]]
  branch = "master"
  name = "github.com/kardianos/osext"
  packages = ["."]
  revision = "ae77be60afb1dcacde03767a8c37337fad28ac14"

[[projects]]
  branch = "master"
  name = "github.com/miekg/dns"
  packages = [".","internal/socket"]
  revision = "822ae18e7187e1bbde923a37081f6c1b8e9ba68a"

[[projects]]
  branch = "master"
  name = "github.com/puma/puma-dev"
  packages = ["dev/launch","homedir","linebuffer"]
  revision = "5c92d487b83a50c44dc8864bbe8952328268a7cf"

[[projects]]
  branch = "master"
  name = "github.com/unrolled/render"
  packages = ["."]
  revision = "32bf1ea2a39e4e796d9040b5cf235258cee978c1"

[[projects]]
  branch = "master"
  name = "github.com/vektra/errors"
  packages = ["."]
  revision = "c64d83aba85aa4392895aadeefabbd24e89f3580"

[[projects]]
  branch = "master"
  name = "github.com/yhat/wsutil"
  packages = ["."]
  revision = "1d66fa95c997864ba4d8479f56609620fe542928"

[[projects]]
  branch = "master"
  name = "golang.org/x/net"
  packages = ["http2","http2/hpack","idna","lex/httplex"]
  revision = "4b14673ba32bee7f5ac0f990a48f033919fd418b"

[[projects]]
  branch = "master"
  name = "golang.org/x/text"
  packages = ["collate","collate/build","internal/colltab","internal/gen","internal/tag","internal/triegen","internal/ucd","language","secure/bidirule","transform","unicode/bidi","unicode/cldr","unicode/norm","unicode/rangetable"]
  revision = "6eab0e8f74e86c598ec3b6fad4888e0c11482d48"

[solve-meta]
  analyzer-name = "dep"
  analyzer-version = 1
  inputs-digest = "9728a6eb336a3385d5dd124f7fda5745340dd688b4efeee686b554e8962e2d16"
  solver-name = "gps-cdcl"
  solver-version = 1
