# This file is autogenerated, do not edit; changes may be undone by the next 'dep ensure'.


[[projects]]
  branch = "master"
  name = "github.com/hashicorp/golang-lru"
  packages = [".","simplelru"]
  revision = "0a025b7e63adc15a622f29b0b2c4c3848243bbf6"

[[projects]]
  branch = "master"
  name = "github.com/kardianos/osext"
  packages = ["."]
  revision = "ae77be60afb1dcacde03767a8c37337fad28ac14"

[[projects]]
  branch = "master"
  name = "github.com/puma/puma-dev"
  packages = ["dev/launch","homedir","linebuffer"]
  revision = "5c92d487b83a50c44dc8864bbe8952328268a7cf"

[[projects]]
  branch = "master"
  name = "github.com/vektra/errors"
  packages = ["."]
  revision = "c64d83aba85aa4392895aadeefabbd24e89f3580"

[[projects]]
  branch = "master"
  name = "github.com/yhat/wsutil"
  packages = ["."]
  revision = "1d66fa95c997864ba4d8479f56609620fe542928"

[[projects]]
  branch = "master"
  name = "golang.org/x/net"
  packages = ["http2","http2/hpack","idna","lex/httplex"]
  revision = "1c05540f6879653db88113bc4a2b70aec4bd491f"

[[projects]]
  branch = "master"
  name = "golang.org/x/text"
  packages = ["internal/gen","internal/triegen","internal/ucd","secure/bidirule","transform","unicode/bidi","unicode/cldr","unicode/norm","unicode/rangetable"]
  revision = "3bd178b88a8180be2df394a1fbb81313916f0e7b"

[solve-meta]
  analyzer-name = "dep"
  analyzer-version = 1
  inputs-digest = "490756a39ec7fd99f1618c17c5013ea4b122116c0194e578559a7a8751d59231"
  solver-name = "gps-cdcl"
  solver-version = 1
